
Microsoft Visual Studio Solution File, Format Version 12.00
# Visual Studio 2017
Project("{FAE04EC0-301F-11D3-BF4B-00C04F79EFBC}") = "RadialControllerProject.Plugins", "RadialControllerProject.Plugins.csproj", "{35A6645C-BABF-B159-9523-5260EF1186BF}"
EndProject
Project("{FAE04EC0-301F-11D3-BF4B-00C04F79EFBC}") = "RadialControllerProject", "RadialControllerProject.csproj", "{9B0BB050-D2AC-8549-BC62-EE7CBE802E29}"
EndProject
Project("{FAE04EC0-301F-11D3-BF4B-00C04F79EFBC}") = "RadialControllerProject.Editor", "RadialControllerProject.Editor.csproj", "{3C6749A6-2071-7C83-5173-626E7BD11B10}"
EndProject
Global
	GlobalSection(SolutionConfigurationPlatforms) = preSolution
		Debug|Any CPU = Debug|Any CPU
		Release|Any CPU = Release|Any CPU
	EndGlobalSection
	GlobalSection(ProjectConfigurationPlatforms) = postSolution
		{35A6645C-BABF-B159-9523-5260EF1186BF}.Debug|Any CPU.ActiveCfg = Debug|Any CPU
		{35A6645C-BABF-B159-9523-5260EF1186BF}.Debug|Any CPU.Build.0 = Debug|Any CPU
		{35A6645C-BABF-B159-9523-5260EF1186BF}.Release|Any CPU.ActiveCfg = Release|Any CPU
		{35A6645C-BABF-B159-9523-5260EF1186BF}.Release|Any CPU.Build.0 = Release|Any CPU
		{9B0BB050-D2AC-8549-BC62-EE7CBE802E29}.Debug|Any CPU.ActiveCfg = Debug|Any CPU
		{9B0BB050-D2AC-8549-BC62-EE7CBE802E29}.Debug|Any CPU.Build.0 = Debug|Any CPU
		{9B0BB050-D2AC-8549-BC62-EE7CBE802E29}.Release|Any CPU.ActiveCfg = Release|Any CPU
		{9B0BB050-D2AC-8549-BC62-EE7CBE802E29}.Release|Any CPU.Build.0 = Release|Any CPU
		{3C6749A6-2071-7C83-5173-626E7BD11B10}.Debug|Any CPU.ActiveCfg = Debug|Any CPU
		{3C6749A6-2071-7C83-5173-626E7BD11B10}.Debug|Any CPU.Build.0 = Debug|Any CPU
		{3C6749A6-2071-7C83-5173-626E7BD11B10}.Release|Any CPU.ActiveCfg = Release|Any CPU
		{3C6749A6-2071-7C83-5173-626E7BD11B10}.Release|Any CPU.Build.0 = Release|Any CPU
	EndGlobalSection
	GlobalSection(SolutionProperties) = preSolution
		HideSolutionNode = FALSE
	EndGlobalSection
EndGlobal
